
Microsoft Visual Studio Solution File, Format Version 12.00
# Visual Studio Version 17
VisualStudioVersion = 17.7.34202.233
MinimumVisualStudioVersion = 10.0.40219.1
Project("{9A19103F-16F7-4668-BE54-9A1E7A4F7556}") = "ClassLibrary", "ClassLibrary\ClassLibrary.csproj", "{3E7A5980-1964-4412-9C0F-0732D5DC236D}"
EndProject
Project("{FAE04EC0-301F-11D3-BF4B-00C04F79EFBC}") = "TestProject1", "TestProject1\TestProject1.csproj", "{460592C5-C5A1-4C85-9DCE-FCCD8BC7900A}"
EndProject
Global
	GlobalSection(SolutionConfigurationPlatforms) = preSolution
		Debug|Any CPU = Debug|Any CPU
		Release|Any CPU = Release|Any CPU
	EndGlobalSection
	GlobalSection(ProjectConfigurationPlatforms) = postSolution
		{3E7A5980-1964-4412-9C0F-0732D5DC236D}.Debug|Any CPU.ActiveCfg = Debug|Any CPU
		{3E7A5980-1964-4412-9C0F-0732D5DC236D}.Debug|Any CPU.Build.0 = Debug|Any CPU
		{3E7A5980-1964-4412-9C0F-0732D5DC236D}.Release|Any CPU.ActiveCfg = Release|Any CPU
		{3E7A5980-1964-4412-9C0F-0732D5DC236D}.Release|Any CPU.Build.0 = Release|Any CPU
		{460592C5-C5A1-4C85-9DCE-FCCD8BC7900A}.Debug|Any CPU.ActiveCfg = Debug|Any CPU
		{460592C5-C5A1-4C85-9DCE-FCCD8BC7900A}.Debug|Any CPU.Build.0 = Debug|Any CPU
		{460592C5-C5A1-4C85-9DCE-FCCD8BC7900A}.Release|Any CPU.ActiveCfg = Release|Any CPU
		{460592C5-C5A1-4C85-9DCE-FCCD8BC7900A}.Release|Any CPU.Build.0 = Release|Any CPU
	EndGlobalSection
	GlobalSection(SolutionProperties) = preSolution
		HideSolutionNode = FALSE
	EndGlobalSection
	GlobalSection(ExtensibilityGlobals) = postSolution
		SolutionGuid = {BCCB133F-7975-4C27-AAEC-BDCA27CD9215}
	EndGlobalSection
EndGlobal
